// !$*UTF8*$!
{
	archiveVersion = 1;
	classes = {
	};
	objectVersion = 77;
	objects = {

/* Begin PBXBuildFile section */
		59BC672D3008B52F0097DFB1 /* WidgetKit.framework in Frameworks */ = {isa = PBXBuildFile; fileRef = 59BC672C3008B52F0097DFB1 /* WidgetKit.framework */; };
		59BC672F3008B52F0097DFB1 /* SwiftUI.framework in Frameworks */ = {isa = PBXBuildFile; fileRef = 59BC672E3008B52F0097DFB1 /* SwiftUI.framework */; };
		59BC673E3008B5300097DFB1 /* LastPlaceWidgetExtension.appex in Embed Foundation Extensions */ = {isa = PBXBuildFile; fileRef = 59BC672A3008B52F0097DFB1 /* LastPlaceWidgetExtension.appex */; settings = {ATTRIBUTES = (RemoveHeadersOnCopy, ); }; };
/* End PBXBuildFile section */

/* Begin PBXContainerItemProxy section */
		59055C593004B15000C2437B /* PBXContainerItemProxy */ = {
			isa = PBXContainerItemProxy;
			containerPortal = 59055C433004B14F00C2437B /* Project object */;
			proxyType = 1;
			remoteGlobalIDString = 59055C4A3004B14F00C2437B;
			remoteInfo = LastPlace;
		};
		59055C633004B15000C2437B /* PBXContainerItemProxy */ = {
			isa = PBXContainerItemProxy;
			containerPortal = 59055C433004B14F00C2437B /* Project object */;
			proxyType = 1;
			remoteGlobalIDString = 59055C4A3004B14F00C2437B;
			remoteInfo = LastPlace;
		};
		59BC673C3008B5300097DFB1 /* PBXContainerItemProxy */ = {
			isa = PBXContainerItemProxy;
			containerPortal = 59055C433004B14F00C2437B /* Project object */;
			proxyType = 1;
			remoteGlobalIDString = 59BC67293008B52F0097DFB1;
			remoteInfo = LastPlaceWidgetExtension;
		};
/* End PBXContainerItemProxy section */

/* Begin PBXCopyFilesBuildPhase section */
		59BC67433008B5300097DFB1 /* Embed Foundation Extensions */ = {
			isa = PBXCopyFilesBuildPhase;
			buildActionMask = 2147483647;
			dstPath = "";
			dstSubfolderSpec = 13;
			files = (
				59BC673E3008B5300097DFB1 /* LastPlaceWidgetExtension.appex in Embed Foundation Extensions */,
			);
			name = "Embed Foundation Extensions";
			runOnlyForDeploymentPostprocessing = 0;
		};
/* End PBXCopyFilesBuildPhase section */

/* Begin PBXFileReference section */
		59055C4B3004B14F00C2437B /* LastPlace.app */ = {isa = PBXFileReference; explicitFileType = wrapper.application; includeInIndex = 0; path = LastPlace.app; sourceTree = BUILT_PRODUCTS_DIR; };
		59055C583004B15000C2437B /* LastPlaceTests.xctest */ = {isa = PBXFileReference; explicitFileType = wrapper.cfbundle; includeInIndex = 0; path = LastPlaceTests.xctest; sourceTree = BUILT_PRODUCTS_DIR; };
		59055C623004B15000C2437B /* LastPlaceUITests.xctest */ = {isa = PBXFileReference; explicitFileType = wrapper.cfbundle; includeInIndex = 0; path = LastPlaceUITests.xctest; sourceTree = BUILT_PRODUCTS_DIR; };
		59BC672A3008B52F0097DFB1 /* LastPlaceWidgetExtension.appex */ = {isa = PBXFileReference; explicitFileType = "wrapper.app-extension"; includeInIndex = 0; path = LastPlaceWidgetExtension.appex; sourceTree = BUILT_PRODUCTS_DIR; };
		59BC672C3008B52F0097DFB1 /* WidgetKit.framework */ = {isa = PBXFileReference; lastKnownFileType = wrapper.framework; name = WidgetKit.framework; path = System/Library/Frameworks/WidgetKit.framework; sourceTree = SDKROOT; };
		59BC672E3008B52F0097DFB1 /* SwiftUI.framework */ = {isa = PBXFileReference; lastKnownFileType = wrapper.framework; name = SwiftUI.framework; path = System/Library/Frameworks/SwiftUI.framework; sourceTree = SDKROOT; };
		59BC689D3008B9ED0097DFB1 /* LastPlaceWidgetExtension.entitlements */ = {isa = PBXFileReference; lastKnownFileType = text.plist.entitlements; path = LastPlaceWidgetExtension.entitlements; sourceTree = "<group>"; };
/* End PBXFileReference section */

/* Begin PBXFileSystemSynchronizedBuildFileExceptionSet section */
		59BC3F5E30069BEE0097DFB1 /* Exceptions for "LastPlace" folder in "LastPlace" target */ = {
			isa = PBXFileSystemSynchronizedBuildFileExceptionSet;
			membershipExceptions = (
				Info.plist,
			);
			target = 59055C4A3004B14F00C2437B /* LastPlace */;
		};
		59BC67423008B5300097DFB1 /* Exceptions for "LastPlaceWidget" folder in "LastPlaceWidgetExtension" target */ = {
			isa = PBXFileSystemSynchronizedBuildFileExceptionSet;
			membershipExceptions = (
				Info.plist,
			);
			target = 59BC67293008B52F0097DFB1 /* LastPlaceWidgetExtension */;
		};
		59BC68243008B8FD0097DFB1 /* Exceptions for "LastPlace" folder in "LastPlaceWidgetExtension" target */ = {
			isa = PBXFileSystemSynchronizedBuildFileExceptionSet;
			membershipExceptions = (
				Core/Storage/ImageStorageService.swift,
				Data/Persistence/Mappers/ChecklistMapper.swift,
				Data/Persistence/Mappers/HomeMapper.swift,
				Data/Persistence/Mappers/ItemSnapshotMapper.swift,
				Data/Persistence/Mappers/RoomMapper.swift,
				Data/Persistence/Mappers/ScanSessionMapper.swift,
				Data/Persistence/Mappers/StoredItemMapper.swift,
				Data/Persistence/Models/ChecklistEntity.swift,
				Data/Persistence/Models/ChecklistEntryEntity.swift,
				Data/Persistence/Models/HomeEntity.swift,
				Data/Persistence/Models/ItemSnapshotEntity.swift,
				Data/Persistence/Models/RoomEntity.swift,
				Data/Persistence/Models/ScanSessionEntity.swift,
				Data/Persistence/Models/StoredItemEntity.swift,
				Data/Persistence/SwiftDataContainerFactory.swift,
				Data/Repositories/SwiftDataChecklistRepository.swift,
				Data/Repositories/SwiftDataHomeRepository.swift,
				Data/Repositories/SwiftDataItemRepository.swift,
				Data/Repositories/SwiftDataRoomRepository.swift,
				Data/Repositories/SwiftDataScanRepository.swift,
				Data/Repositories/SwiftDataSnapshotRepository.swift,
				Domain/Entities/Checklist.swift,
				Domain/Entities/ChecklistDetail.swift,
				Domain/Entities/ChecklistEntry.swift,
				Domain/Entities/DetectedObject.swift,
				Domain/Entities/Home.swift,
				Domain/Entities/ItemCategory.swift,
				Domain/Entities/ItemDetail.swift,
				Domain/Entities/ItemSnapshot.swift,
				Domain/Entities/Room.swift,
				Domain/Entities/ScanSession.swift,
				Domain/Entities/SearchResults.swift,
				Domain/Entities/StoredItem.swift,
				Domain/Errors/CameraError.swift,
				Domain/Errors/ImageStorageError.swift,
				Domain/Errors/PermissionError.swift,
				Domain/Errors/RepositoryError.swift,
				Domain/Errors/ValidationError.swift,
				Domain/Repositories/ChecklistRepository.swift,
				Domain/Repositories/HomeRepository.swift,
				Domain/Repositories/ItemRepository.swift,
				Domain/Repositories/RoomRepository.swift,
				Domain/Repositories/ScanRepository.swift,
				Domain/Repositories/SnapshotRepository.swift,
				Domain/UseCases/Checklists/AddChecklistEntryUseCase.swift,
				Domain/UseCases/Checklists/CreateChecklistUseCase.swift,
				Domain/UseCases/Checklists/DeleteChecklistEntryUseCase.swift,
				Domain/UseCases/Checklists/DeleteChecklistUseCase.swift,
				Domain/UseCases/Checklists/FetchChecklistDetailUseCase.swift,
				Domain/UseCases/Checklists/FetchChecklistsUseCase.swift,
				Domain/UseCases/Checklists/ResetChecklistUseCase.swift,
				Domain/UseCases/Checklists/ToggleChecklistItemUseCase.swift,
				Domain/UseCases/Homes/CreateHomeUseCase.swift,
				Domain/UseCases/Homes/FetchDefaultHomeUseCase.swift,
				Domain/UseCases/Homes/FetchHomesUseCase.swift,
				Domain/UseCases/Items/AddItemSnapshotUseCase.swift,
				Domain/UseCases/Items/DeleteItemUseCase.swift,
				Domain/UseCases/Items/FetchImportantItemsUseCase.swift,
				Domain/UseCases/Items/FetchItemDetailUseCase.swift,
				Domain/UseCases/Items/FetchItemsForRoomUseCase.swift,
				Domain/UseCases/Items/FetchRecentItemsUseCase.swift,
				Domain/UseCases/Items/MoveItemToRoomUseCase.swift,
				Domain/UseCases/Items/SaveItemUseCase.swift,
				Domain/UseCases/Items/SearchItemsUseCase.swift,
				Domain/UseCases/Items/ToggleItemImportanceUseCase.swift,
				Domain/UseCases/Items/UpdateItemLocationUseCase.swift,
				Domain/UseCases/Rooms/CreateRoomUseCase.swift,
				Domain/UseCases/Rooms/DeleteRoomUseCase.swift,
				Domain/UseCases/Rooms/FetchRoomsUseCase.swift,
				Domain/UseCases/Rooms/FetchRoomUseCase.swift,
				Domain/UseCases/Rooms/UpdateRoomUseCase.swift,
				Domain/UseCases/Scan/AppendScanImageUseCase.swift,
				Domain/UseCases/Scan/CancelScanSessionUseCase.swift,
				Domain/UseCases/Scan/CompleteScanSessionUseCase.swift,
				Domain/UseCases/Scan/StartScanSessionUseCase.swift,
				Domain/UseCases/Settings/DeleteAllDataUseCase.swift,
				Domain/UseCases/Settings/FetchDataSummaryUseCase.swift,
			);
			target = 59BC67293008B52F0097DFB1 /* LastPlaceWidgetExtension */;
		};
/* End PBXFileSystemSynchronizedBuildFileExceptionSet section */

/* Begin PBXFileSystemSynchronizedRootGroup section */
		59055C4D3004B14F00C2437B /* LastPlace */ = {
			isa = PBXFileSystemSynchronizedRootGroup;
			exceptions = (
				59BC3F5E30069BEE0097DFB1 /* Exceptions for "LastPlace" folder in "LastPlace" target */,
				59BC68243008B8FD0097DFB1 /* Exceptions for "LastPlace" folder in "LastPlaceWidgetExtension" target */,
			);
			path = LastPlace;
			sourceTree = "<group>";
		};
		59055C5B3004B15000C2437B /* LastPlaceTests */ = {
			isa = PBXFileSystemSynchronizedRootGroup;
			path = LastPlaceTests;
			sourceTree = "<group>";
		};
		59055C653004B15000C2437B /* LastPlaceUITests */ = {
			isa = PBXFileSystemSynchronizedRootGroup;
			path = LastPlaceUITests;
			sourceTree = "<group>";
		};
		59BC67303008B52F0097DFB1 /* LastPlaceWidget */ = {
			isa = PBXFileSystemSynchronizedRootGroup;
			exceptions = (
				59BC67423008B5300097DFB1 /* Exceptions for "LastPlaceWidget" folder in "LastPlaceWidgetExtension" target */,
			);
			path = LastPlaceWidget;
			sourceTree = "<group>";
		};
/* End PBXFileSystemSynchronizedRootGroup section */

/* Begin PBXFrameworksBuildPhase section */
		59055C483004B14F00C2437B /* Frameworks */ = {
			isa = PBXFrameworksBuildPhase;
			buildActionMask = 2147483647;
			files = (
			);
			runOnlyForDeploymentPostprocessing = 0;
		};
		59055C553004B15000C2437B /* Frameworks */ = {
			isa = PBXFrameworksBuildPhase;
			buildActionMask = 2147483647;
			files = (
			);
			runOnlyForDeploymentPostprocessing = 0;
		};
		59055C5F3004B15000C2437B /* Frameworks */ = {
			isa = PBXFrameworksBuildPhase;
			buildActionMask = 2147483647;
			files = (
			);
			runOnlyForDeploymentPostprocessing = 0;
		};
		59BC67273008B52F0097DFB1 /* Frameworks */ = {
			isa = PBXFrameworksBuildPhase;
			buildActionMask = 2147483647;
			files = (
				59BC672F3008B52F0097DFB1 /* SwiftUI.framework in Frameworks */,
				59BC672D3008B52F0097DFB1 /* WidgetKit.framework in Frameworks */,
			);
			runOnlyForDeploymentPostprocessing = 0;
		};
/* End PBXFrameworksBuildPhase section */

/* Begin PBXGroup section */
		59055C423004B14F00C2437B = {
			isa = PBXGroup;
			children = (
				59BC689D3008B9ED0097DFB1 /* LastPlaceWidgetExtension.entitlements */,
				59055C4D3004B14F00C2437B /* LastPlace */,
				59055C5B3004B15000C2437B /* LastPlaceTests */,
				59055C653004B15000C2437B /* LastPlaceUITests */,
				59BC67303008B52F0097DFB1 /* LastPlaceWidget */,
				59BC672B3008B52F0097DFB1 /* Frameworks */,
				59055C4C3004B14F00C2437B /* Products */,
			);
			sourceTree = "<group>";
		};
		59055C4C3004B14F00C2437B /* Products */ = {
			isa = PBXGroup;
			children = (
				59055C4B3004B14F00C2437B /* LastPlace.app */,
				59055C583004B15000C2437B /* LastPlaceTests.xctest */,
				59055C623004B15000C2437B /* LastPlaceUITests.xctest */,
				59BC672A3008B52F0097DFB1 /* LastPlaceWidgetExtension.appex */,
			);
			name = Products;
			sourceTree = "<group>";
		};
		59BC672B3008B52F0097DFB1 /* Frameworks */ = {
			isa = PBXGroup;
			children = (
				59BC672C3008B52F0097DFB1 /* WidgetKit.framework */,
				59BC672E3008B52F0097DFB1 /* SwiftUI.framework */,
			);
			name = Frameworks;
			sourceTree = "<group>";
		};
/* End PBXGroup section */

/* Begin PBXNativeTarget section */
		59055C4A3004B14F00C2437B /* LastPlace */ = {
			isa = PBXNativeTarget;
			buildConfigurationList = 59055C6C3004B15000C2437B /* Build configuration list for PBXNativeTarget "LastPlace" */;
			buildPhases = (
				59055C473004B14F00C2437B /* Sources */,
				59055C483004B14F00C2437B /* Frameworks */,
				59055C493004B14F00C2437B /* Resources */,
				59BC67433008B5300097DFB1 /* Embed Foundation Extensions */,
			);
			buildRules = (
			);
			dependencies = (
				59BC673D3008B5300097DFB1 /* PBXTargetDependency */,
			);
			fileSystemSynchronizedGroups = (
				59055C4D3004B14F00C2437B /* LastPlace */,
			);
			name = LastPlace;
			packageProductDependencies = (
			);
			productName = LastPlace;
			productReference = 59055C4B3004B14F00C2437B /* LastPlace.app */;
			productType = "com.apple.product-type.application";
		};
		59055C573004B15000C2437B /* LastPlaceTests */ = {
			isa = PBXNativeTarget;
			buildConfigurationList = 59055C6F3004B15000C2437B /* Build configuration list for PBXNativeTarget "LastPlaceTests" */;
			buildPhases = (
				59055C543004B15000C2437B /* Sources */,
				59055C553004B15000C2437B /* Frameworks */,
				59055C563004B15000C2437B /* Resources */,
			);
			buildRules = (
			);
			dependencies = (
				59055C5A3004B15000C2437B /* PBXTargetDependency */,
			);
			fileSystemSynchronizedGroups = (
				59055C5B3004B15000C2437B /* LastPlaceTests */,
			);
			name = LastPlaceTests;
			packageProductDependencies = (
			);
			productName = LastPlaceTests;
			productReference = 59055C583004B15000C2437B /* LastPlaceTests.xctest */;
			productType = "com.apple.product-type.bundle.unit-test";
		};
		59055C613004B15000C2437B /* LastPlaceUITests */ = {
			isa = PBXNativeTarget;
			buildConfigurationList = 59055C723004B15000C2437B /* Build configuration list for PBXNativeTarget "LastPlaceUITests" */;
			buildPhases = (
				59055C5E3004B15000C2437B /* Sources */,
				59055C5F3004B15000C2437B /* Frameworks */,
				59055C603004B15000C2437B /* Resources */,
			);
			buildRules = (
			);
			dependencies = (
				59055C643004B15000C2437B /* PBXTargetDependency */,
			);
			fileSystemSynchronizedGroups = (
				59055C653004B15000C2437B /* LastPlaceUITests */,
			);
			name = LastPlaceUITests;
			packageProductDependencies = (
			);
			productName = LastPlaceUITests;
			productReference = 59055C623004B15000C2437B /* LastPlaceUITests.xctest */;
			productType = "com.apple.product-type.bundle.ui-testing";
		};
		59BC67293008B52F0097DFB1 /* LastPlaceWidgetExtension */ = {
			isa = PBXNativeTarget;
			buildConfigurationList = 59BC673F3008B5300097DFB1 /* Build configuration list for PBXNativeTarget "LastPlaceWidgetExtension" */;
			buildPhases = (
				59BC67263008B52F0097DFB1 /* Sources */,
				59BC67273008B52F0097DFB1 /* Frameworks */,
				59BC67283008B52F0097DFB1 /* Resources */,
			);
			buildRules = (
			);
			dependencies = (
			);
			fileSystemSynchronizedGroups = (
				59BC67303008B52F0097DFB1 /* LastPlaceWidget */,
			);
			name = LastPlaceWidgetExtension;
			packageProductDependencies = (
			);
			productName = LastPlaceWidgetExtension;
			productReference = 59BC672A3008B52F0097DFB1 /* LastPlaceWidgetExtension.appex */;
			productType = "com.apple.product-type.app-extension";
		};
/* End PBXNativeTarget section */

/* Begin PBXProject section */
		59055C433004B14F00C2437B /* Project object */ = {
			isa = PBXProject;
			attributes = {
				BuildIndependentTargetsInParallel = 1;
				LastSwiftUpdateCheck = 2650;
				LastUpgradeCheck = 2650;
				TargetAttributes = {
					59055C4A3004B14F00C2437B = {
						CreatedOnToolsVersion = 26.5;
					};
					59055C573004B15000C2437B = {
						CreatedOnToolsVersion = 26.5;
						TestTargetID = 59055C4A3004B14F00C2437B;
					};
					59055C613004B15000C2437B = {
						CreatedOnToolsVersion = 26.5;
						TestTargetID = 59055C4A3004B14F00C2437B;
					};
					59BC67293008B52F0097DFB1 = {
						CreatedOnToolsVersion = 26.5;
					};
				};
			};
			buildConfigurationList = 59055C463004B14F00C2437B /* Build configuration list for PBXProject "LastPlace" */;
			developmentRegion = en;
			hasScannedForEncodings = 0;
			knownRegions = (
				en,
				Base,
			);
			mainGroup = 59055C423004B14F00C2437B;
			minimizedProjectReferenceProxies = 1;
			preferredProjectObjectVersion = 77;
			productRefGroup = 59055C4C3004B14F00C2437B /* Products */;
			projectDirPath = "";
			projectRoot = "";
			targets = (
				59055C4A3004B14F00C2437B /* LastPlace */,
				59055C573004B15000C2437B /* LastPlaceTests */,
				59055C613004B15000C2437B /* LastPlaceUITests */,
				59BC67293008B52F0097DFB1 /* LastPlaceWidgetExtension */,
			);
		};
/* End PBXProject section */

/* Begin PBXResourcesBuildPhase section */
		59055C493004B14F00C2437B /* Resources */ = {
			isa = PBXResourcesBuildPhase;
			buildActionMask = 2147483647;
			files = (
			);
			runOnlyForDeploymentPostprocessing = 0;
		};
		59055C563004B15000C2437B /* Resources */ = {
			isa = PBXResourcesBuildPhase;
			buildActionMask = 2147483647;
			files = (
			);
			runOnlyForDeploymentPostprocessing = 0;
		};
		59055C603004B15000C2437B /* Resources */ = {
			isa = PBXResourcesBuildPhase;
			buildActionMask = 2147483647;
			files = (
			);
			runOnlyForDeploymentPostprocessing = 0;
		};
		59BC67283008B52F0097DFB1 /* Resources */ = {
			isa = PBXResourcesBuildPhase;
			buildActionMask = 2147483647;
			files = (
			);
			runOnlyForDeploymentPostprocessing = 0;
		};
/* End PBXResourcesBuildPhase section */

/* Begin PBXSourcesBuildPhase section */
		59055C473004B14F00C2437B /* Sources */ = {
			isa = PBXSourcesBuildPhase;
			buildActionMask = 2147483647;
			files = (
			);
			runOnlyForDeploymentPostprocessing = 0;
		};
		59055C543004B15000C2437B /* Sources */ = {
			isa = PBXSourcesBuildPhase;
			buildActionMask = 2147483647;
			files = (
			);
			runOnlyForDeploymentPostprocessing = 0;
		};
		59055C5E3004B15000C2437B /* Sources */ = {
			isa = PBXSourcesBuildPhase;
			buildActionMask = 2147483647;
			files = (
			);
			runOnlyForDeploymentPostprocessing = 0;
		};
		59BC67263008B52F0097DFB1 /* Sources */ = {
			isa = PBXSourcesBuildPhase;
			buildActionMask = 2147483647;
			files = (
			);
			runOnlyForDeploymentPostprocessing = 0;
		};
/* End PBXSourcesBuildPhase section */

/* Begin PBXTargetDependency section */
		59055C5A3004B15000C2437B /* PBXTargetDependency */ = {
			isa = PBXTargetDependency;
			target = 59055C4A3004B14F00C2437B /* LastPlace */;
			targetProxy = 59055C593004B15000C2437B /* PBXContainerItemProxy */;
		};
		59055C643004B15000C2437B /* PBXTargetDependency */ = {
			isa = PBXTargetDependency;
			target = 59055C4A3004B14F00C2437B /* LastPlace */;
			targetProxy = 59055C633004B15000C2437B /* PBXContainerItemProxy */;
		};
		59BC673D3008B5300097DFB1 /* PBXTargetDependency */ = {
			isa = PBXTargetDependency;
			target = 59BC67293008B52F0097DFB1 /* LastPlaceWidgetExtension */;
			targetProxy = 59BC673C3008B5300097DFB1 /* PBXContainerItemProxy */;
		};
/* End PBXTargetDependency section */

/* Begin XCBuildConfiguration section */
		59055C6A3004B15000C2437B /* Debug */ = {
			isa = XCBuildConfiguration;
			buildSettings = {
				ALWAYS_SEARCH_USER_PATHS = NO;
				ASSETCATALOG_COMPILER_GENERATE_SWIFT_ASSET_SYMBOL_EXTENSIONS = YES;
				CLANG_ANALYZER_NONNULL = YES;
				CLANG_ANALYZER_NUMBER_OBJECT_CONVERSION = YES_AGGRESSIVE;
				CLANG_CXX_LANGUAGE_STANDARD = "gnu++20";
				CLANG_ENABLE_MODULES = YES;
				CLANG_ENABLE_OBJC_ARC = YES;
				CLANG_ENABLE_OBJC_WEAK = YES;
				CLANG_WARN_BLOCK_CAPTURE_AUTORELEASING = YES;
				CLANG_WARN_BOOL_CONVERSION = YES;
				CLANG_WARN_COMMA = YES;
				CLANG_WARN_CONSTANT_CONVERSION = YES;
				CLANG_WARN_DEPRECATED_OBJC_IMPLEMENTATIONS = YES;
				CLANG_WARN_DIRECT_OBJC_ISA_USAGE = YES_ERROR;
				CLANG_WARN_DOCUMENTATION_COMMENTS = YES;
				CLANG_WARN_EMPTY_BODY = YES;
				CLANG_WARN_ENUM_CONVERSION = YES;
				CLANG_WARN_INFINITE_RECURSION = YES;
				CLANG_WARN_INT_CONVERSION = YES;
				CLANG_WARN_NON_LITERAL_NULL_CONVERSION = YES;
				CLANG_WARN_OBJC_IMPLICIT_RETAIN_SELF = YES;
				CLANG_WARN_OBJC_LITERAL_CONVERSION = YES;
				CLANG_WARN_OBJC_ROOT_CLASS = YES_ERROR;
				CLANG_WARN_QUOTED_INCLUDE_IN_FRAMEWORK_HEADER = YES;
				CLANG_WARN_RANGE_LOOP_ANALYSIS = YES;
				CLANG_WARN_STRICT_PROTOTYPES = YES;
				CLANG_WARN_SUSPICIOUS_MOVE = YES;
				CLANG_WARN_UNGUARDED_AVAILABILITY = YES_AGGRESSIVE;
				CLANG_WARN_UNREACHABLE_CODE = YES;
				CLANG_WARN__DUPLICATE_METHOD_MATCH = YES;
				COPY_PHASE_STRIP = NO;
				DEBUG_INFORMATION_FORMAT = dwarf;
				DEVELOPMENT_TEAM = J766WB3295;
				ENABLE_STRICT_OBJC_MSGSEND = YES;
				ENABLE_TESTABILITY = YES;
				ENABLE_USER_SCRIPT_SANDBOXING = YES;
				GCC_C_LANGUAGE_STANDARD = gnu17;
				GCC_DYNAMIC_NO_PIC = NO;
				GCC_NO_COMMON_BLOCKS = YES;
				GCC_OPTIMIZATION_LEVEL = 0;
				GCC_PREPROCESSOR_DEFINITIONS = (
					"DEBUG=1",
					"$(inherited)",
				);
				GCC_WARN_64_TO_32_BIT_CONVERSION = YES;
				GCC_WARN_ABOUT_RETURN_TYPE = YES_ERROR;
				GCC_WARN_UNDECLARED_SELECTOR = YES;
				GCC_WARN_UNINITIALIZED_AUTOS = YES_AGGRESSIVE;
				GCC_WARN_UNUSED_FUNCTION = YES;
				GCC_WARN_UNUSED_VARIABLE = YES;
				IPHONEOS_DEPLOYMENT_TARGET = 26.5;
				LOCALIZATION_PREFERS_STRING_CATALOGS = YES;
				MTL_ENABLE_DEBUG_INFO = INCLUDE_SOURCE;
				MTL_FAST_MATH = YES;
				ONLY_ACTIVE_ARCH = YES;
				SDKROOT = iphoneos;
				SWIFT_ACTIVE_COMPILATION_CONDITIONS = "DEBUG $(inherited)";
				SWIFT_OPTIMIZATION_LEVEL = "-Onone";
			};
			name = Debug;
		};
		59055C6B3004B15000C2437B /* Release */ = {
			isa = XCBuildConfiguration;
			buildSettings = {
				ALWAYS_SEARCH_USER_PATHS = NO;
				ASSETCATALOG_COMPILER_GENERATE_SWIFT_ASSET_SYMBOL_EXTENSIONS = YES;
				CLANG_ANALYZER_NONNULL = YES;
				CLANG_ANALYZER_NUMBER_OBJECT_CONVERSION = YES_AGGRESSIVE;
				CLANG_CXX_LANGUAGE_STANDARD = "gnu++20";
				CLANG_ENABLE_MODULES = YES;
				CLANG_ENABLE_OBJC_ARC = YES;
				CLANG_ENABLE_OBJC_WEAK = YES;
				CLANG_WARN_BLOCK_CAPTURE_AUTORELEASING = YES;
				CLANG_WARN_BOOL_CONVERSION = YES;
				CLANG_WARN_COMMA = YES;
				CLANG_WARN_CONSTANT_CONVERSION = YES;
				CLANG_WARN_DEPRECATED_OBJC_IMPLEMENTATIONS = YES;
				CLANG_WARN_DIRECT_OBJC_ISA_USAGE = YES_ERROR;
				CLANG_WARN_DOCUMENTATION_COMMENTS = YES;
				CLANG_WARN_EMPTY_BODY = YES;
				CLANG_WARN_ENUM_CONVERSION = YES;
				CLANG_WARN_INFINITE_RECURSION = YES;
				CLANG_WARN_INT_CONVERSION = YES;
				CLANG_WARN_NON_LITERAL_NULL_CONVERSION = YES;
				CLANG_WARN_OBJC_IMPLICIT_RETAIN_SELF = YES;
				CLANG_WARN_OBJC_LITERAL_CONVERSION = YES;
				CLANG_WARN_OBJC_ROOT_CLASS = YES_ERROR;
				CLANG_WARN_QUOTED_INCLUDE_IN_FRAMEWORK_HEADER = YES;
				CLANG_WARN_RANGE_LOOP_ANALYSIS = YES;
				CLANG_WARN_STRICT_PROTOTYPES = YES;
				CLANG_WARN_SUSPICIOUS_MOVE = YES;
				CLANG_WARN_UNGUARDED_AVAILABILITY = YES_AGGRESSIVE;
				CLANG_WARN_UNREACHABLE_CODE = YES;
				CLANG_WARN__DUPLICATE_METHOD_MATCH = YES;
				COPY_PHASE_STRIP = NO;
				DEBUG_INFORMATION_FORMAT = "dwarf-with-dsym";
				DEVELOPMENT_TEAM = J766WB3295;
				ENABLE_NS_ASSERTIONS = NO;
				ENABLE_STRICT_OBJC_MSGSEND = YES;
				ENABLE_USER_SCRIPT_SANDBOXING = YES;
				GCC_C_LANGUAGE_STANDARD = gnu17;
				GCC_NO_COMMON_BLOCKS = YES;
				GCC_WARN_64_TO_32_BIT_CONVERSION = YES;
				GCC_WARN_ABOUT_RETURN_TYPE = YES_ERROR;
				GCC_WARN_UNDECLARED_SELECTOR = YES;
				GCC_WARN_UNINITIALIZED_AUTOS = YES_AGGRESSIVE;
				GCC_WARN_UNUSED_FUNCTION = YES;
				GCC_WARN_UNUSED_VARIABLE = YES;
				IPHONEOS_DEPLOYMENT_TARGET = 26.5;
				LOCALIZATION_PREFERS_STRING_CATALOGS = YES;
				MTL_ENABLE_DEBUG_INFO = NO;
				MTL_FAST_MATH = YES;
				SDKROOT = iphoneos;
				SWIFT_COMPILATION_MODE = wholemodule;
				VALIDATE_PRODUCT = YES;
			};
			name = Release;
		};
		59055C6D3004B15000C2437B /* Debug */ = {
			isa = XCBuildConfiguration;
			buildSettings = {
				ASSETCATALOG_COMPILER_APPICON_NAME = AppIcon;
				ASSETCATALOG_COMPILER_GLOBAL_ACCENT_COLOR_NAME = AccentColor;
				CODE_SIGN_ENTITLEMENTS = LastPlace/LastPlace.entitlements;
				CODE_SIGN_STYLE = Automatic;
				CURRENT_PROJECT_VERSION = 1;
				DEVELOPMENT_TEAM = J766WB3295;
				ENABLE_PREVIEWS = YES;
				GENERATE_INFOPLIST_FILE = YES;
				INFOPLIST_FILE = LastPlace/Info.plist;
				INFOPLIST_KEY_NSCameraUsageDescription = "LastPlace uses the camera to scan rooms and recognize the items inside them.";
				INFOPLIST_KEY_NSFaceIDUsageDescription = "LastPlace uses Face ID to keep your rooms and items locked when the app isn't in use.";
				INFOPLIST_KEY_NSSiriUsageDescription = "LastPlace uses Siri to find items and add them to your checklists by voice.";
				INFOPLIST_KEY_UIApplicationSceneManifest_Generation = YES;
				INFOPLIST_KEY_UIApplicationSupportsIndirectInputEvents = YES;
				INFOPLIST_KEY_UIBackgroundModes = "remote-notification";
				INFOPLIST_KEY_UILaunchScreen_Generation = YES;
				INFOPLIST_KEY_UISupportedInterfaceOrientations_iPad = "UIInterfaceOrientationPortrait UIInterfaceOrientationPortraitUpsideDown UIInterfaceOrientationLandscapeLeft UIInterfaceOrientationLandscapeRight";
				INFOPLIST_KEY_UISupportedInterfaceOrientations_iPhone = "UIInterfaceOrientationPortrait UIInterfaceOrientationLandscapeLeft UIInterfaceOrientationLandscapeRight";
				LD_RUNPATH_SEARCH_PATHS = (
					"$(inherited)",
					"@executable_path/Frameworks",
				);
				MARKETING_VERSION = 1.0;
				PRODUCT_BUNDLE_IDENTIFIER = com.atsIOSDev.LastPlace;
				PRODUCT_NAME = "$(TARGET_NAME)";
				STRING_CATALOG_GENERATE_SYMBOLS = YES;
				SWIFT_APPROACHABLE_CONCURRENCY = YES;
				SWIFT_DEFAULT_ACTOR_ISOLATION = MainActor;
				SWIFT_EMIT_LOC_STRINGS = YES;
				SWIFT_UPCOMING_FEATURE_MEMBER_IMPORT_VISIBILITY = YES;
				SWIFT_VERSION = 5.0;
				TARGETED_DEVICE_FAMILY = "1,2";
			};
			name = Debug;
		};
		59055C6E3004B15000C2437B /* Release */ = {
			isa = XCBuildConfiguration;
			buildSettings = {
				ASSETCATALOG_COMPILER_APPICON_NAME = AppIcon;
				ASSETCATALOG_COMPILER_GLOBAL_ACCENT_COLOR_NAME = AccentColor;
				CODE_SIGN_ENTITLEMENTS = LastPlace/LastPlace.entitlements;
				CODE_SIGN_STYLE = Automatic;
				CURRENT_PROJECT_VERSION = 1;
				DEVELOPMENT_TEAM = J766WB3295;
				ENABLE_PREVIEWS = YES;
				GENERATE_INFOPLIST_FILE = YES;
				INFOPLIST_FILE = LastPlace/Info.plist;
				INFOPLIST_KEY_NSCameraUsageDescription = "LastPlace uses the camera to scan rooms and recognize the items inside them.";
				INFOPLIST_KEY_NSFaceIDUsageDescription = "LastPlace uses Face ID to keep your rooms and items locked when the app isn't in use.";
				INFOPLIST_KEY_NSSiriUsageDescription = "LastPlace uses Siri to find items and add them to your checklists by voice.";
				INFOPLIST_KEY_UIApplicationSceneManifest_Generation = YES;
				INFOPLIST_KEY_UIApplicationSupportsIndirectInputEvents = YES;
				INFOPLIST_KEY_UIBackgroundModes = "remote-notification";
				INFOPLIST_KEY_UILaunchScreen_Generation = YES;
				INFOPLIST_KEY_UISupportedInterfaceOrientations_iPad = "UIInterfaceOrientationPortrait UIInterfaceOrientationPortraitUpsideDown UIInterfaceOrientationLandscapeLeft UIInterfaceOrientationLandscapeRight";
				INFOPLIST_KEY_UISupportedInterfaceOrientations_iPhone = "UIInterfaceOrientationPortrait UIInterfaceOrientationLandscapeLeft UIInterfaceOrientationLandscapeRight";
				LD_RUNPATH_SEARCH_PATHS = (
					"$(inherited)",
					"@executable_path/Frameworks",
				);
				MARKETING_VERSION = 1.0;
				PRODUCT_BUNDLE_IDENTIFIER = com.atsIOSDev.LastPlace;
				PRODUCT_NAME = "$(TARGET_NAME)";
				STRING_CATALOG_GENERATE_SYMBOLS = YES;
				SWIFT_APPROACHABLE_CONCURRENCY = YES;
				SWIFT_DEFAULT_ACTOR_ISOLATION = MainActor;
				SWIFT_EMIT_LOC_STRINGS = YES;
				SWIFT_UPCOMING_FEATURE_MEMBER_IMPORT_VISIBILITY = YES;
				SWIFT_VERSION = 5.0;
				TARGETED_DEVICE_FAMILY = "1,2";
			};
			name = Release;
		};
		59055C703004B15000C2437B /* Debug */ = {
			isa = XCBuildConfiguration;
			buildSettings = {
				BUNDLE_LOADER = "$(TEST_HOST)";
				CODE_SIGN_STYLE = Automatic;
				CURRENT_PROJECT_VERSION = 1;
				DEVELOPMENT_TEAM = J766WB3295;
				GENERATE_INFOPLIST_FILE = YES;
				IPHONEOS_DEPLOYMENT_TARGET = 26.5;
				MARKETING_VERSION = 1.0;
				PRODUCT_BUNDLE_IDENTIFIER = com.atsIOSDev.LastPlaceTests;
				PRODUCT_NAME = "$(TARGET_NAME)";
				STRING_CATALOG_GENERATE_SYMBOLS = NO;
				SWIFT_APPROACHABLE_CONCURRENCY = YES;
				SWIFT_EMIT_LOC_STRINGS = NO;
				SWIFT_UPCOMING_FEATURE_MEMBER_IMPORT_VISIBILITY = YES;
				SWIFT_VERSION = 5.0;
				TARGETED_DEVICE_FAMILY = "1,2";
				TEST_HOST = "$(BUILT_PRODUCTS_DIR)/LastPlace.app/$(BUNDLE_EXECUTABLE_FOLDER_PATH)/LastPlace";
			};
			name = Debug;
		};
		59055C713004B15000C2437B /* Release */ = {
			isa = XCBuildConfiguration;
			buildSettings = {
				BUNDLE_LOADER = "$(TEST_HOST)";
				CODE_SIGN_STYLE = Automatic;
				CURRENT_PROJECT_VERSION = 1;
				DEVELOPMENT_TEAM = J766WB3295;
				GENERATE_INFOPLIST_FILE = YES;
				IPHONEOS_DEPLOYMENT_TARGET = 26.5;
				MARKETING_VERSION = 1.0;
				PRODUCT_BUNDLE_IDENTIFIER = com.atsIOSDev.LastPlaceTests;
				PRODUCT_NAME = "$(TARGET_NAME)";
				STRING_CATALOG_GENERATE_SYMBOLS = NO;
				SWIFT_APPROACHABLE_CONCURRENCY = YES;
				SWIFT_EMIT_LOC_STRINGS = NO;
				SWIFT_UPCOMING_FEATURE_MEMBER_IMPORT_VISIBILITY = YES;
				SWIFT_VERSION = 5.0;
				TARGETED_DEVICE_FAMILY = "1,2";
				TEST_HOST = "$(BUILT_PRODUCTS_DIR)/LastPlace.app/$(BUNDLE_EXECUTABLE_FOLDER_PATH)/LastPlace";
			};
			name = Release;
		};
		59055C733004B15000C2437B /* Debug */ = {
			isa = XCBuildConfiguration;
			buildSettings = {
				CODE_SIGN_STYLE = Automatic;
				CURRENT_PROJECT_VERSION = 1;
				DEVELOPMENT_TEAM = J766WB3295;
				GENERATE_INFOPLIST_FILE = YES;
				MARKETING_VERSION = 1.0;
				PRODUCT_BUNDLE_IDENTIFIER = com.atsIOSDev.LastPlaceUITests;
				PRODUCT_NAME = "$(TARGET_NAME)";
				STRING_CATALOG_GENERATE_SYMBOLS = NO;
				SWIFT_APPROACHABLE_CONCURRENCY = YES;
				SWIFT_EMIT_LOC_STRINGS = NO;
				SWIFT_UPCOMING_FEATURE_MEMBER_IMPORT_VISIBILITY = YES;
				SWIFT_VERSION = 5.0;
				TARGETED_DEVICE_FAMILY = "1,2";
				TEST_TARGET_NAME = LastPlace;
			};
			name = Debug;
		};
		59055C743004B15000C2437B /* Release */ = {
			isa = XCBuildConfiguration;
			buildSettings = {
				CODE_SIGN_STYLE = Automatic;
				CURRENT_PROJECT_VERSION = 1;
				DEVELOPMENT_TEAM = J766WB3295;
				GENERATE_INFOPLIST_FILE = YES;
				MARKETING_VERSION = 1.0;
				PRODUCT_BUNDLE_IDENTIFIER = com.atsIOSDev.LastPlaceUITests;
				PRODUCT_NAME = "$(TARGET_NAME)";
				STRING_CATALOG_GENERATE_SYMBOLS = NO;
				SWIFT_APPROACHABLE_CONCURRENCY = YES;
				SWIFT_EMIT_LOC_STRINGS = NO;
				SWIFT_UPCOMING_FEATURE_MEMBER_IMPORT_VISIBILITY = YES;
				SWIFT_VERSION = 5.0;
				TARGETED_DEVICE_FAMILY = "1,2";
				TEST_TARGET_NAME = LastPlace;
			};
			name = Release;
		};
		59BC67403008B5300097DFB1 /* Debug */ = {
			isa = XCBuildConfiguration;
			buildSettings = {
				ASSETCATALOG_COMPILER_GLOBAL_ACCENT_COLOR_NAME = AccentColor;
				ASSETCATALOG_COMPILER_WIDGET_BACKGROUND_COLOR_NAME = WidgetBackground;
				CODE_SIGN_ENTITLEMENTS = LastPlaceWidgetExtension.entitlements;
				CODE_SIGN_STYLE = Automatic;
				CURRENT_PROJECT_VERSION = 1;
				DEVELOPMENT_TEAM = J766WB3295;
				GENERATE_INFOPLIST_FILE = YES;
				INFOPLIST_FILE = LastPlaceWidget/Info.plist;
				INFOPLIST_KEY_CFBundleDisplayName = LastPlaceWidget;
				INFOPLIST_KEY_NSHumanReadableCopyright = "";
				LD_RUNPATH_SEARCH_PATHS = (
					"$(inherited)",
					"@executable_path/Frameworks",
					"@executable_path/../../Frameworks",
				);
				MARKETING_VERSION = 1.0;
				PRODUCT_BUNDLE_IDENTIFIER = com.atsIOSDev.LastPlace.LastPlaceWidget;
				PRODUCT_NAME = "$(TARGET_NAME)";
				SKIP_INSTALL = YES;
				STRING_CATALOG_GENERATE_SYMBOLS = YES;
				SWIFT_APPROACHABLE_CONCURRENCY = YES;
				SWIFT_EMIT_LOC_STRINGS = YES;
				SWIFT_UPCOMING_FEATURE_MEMBER_IMPORT_VISIBILITY = YES;
				SWIFT_VERSION = 5.0;
				TARGETED_DEVICE_FAMILY = "1,2";
			};
			name = Debug;
		};
		59BC67413008B5300097DFB1 /* Release */ = {
			isa = XCBuildConfiguration;
			buildSettings = {
				ASSETCATALOG_COMPILER_GLOBAL_ACCENT_COLOR_NAME = AccentColor;
				ASSETCATALOG_COMPILER_WIDGET_BACKGROUND_COLOR_NAME = WidgetBackground;
				CODE_SIGN_ENTITLEMENTS = LastPlaceWidgetExtension.entitlements;
				CODE_SIGN_STYLE = Automatic;
				CURRENT_PROJECT_VERSION = 1;
				DEVELOPMENT_TEAM = J766WB3295;
				GENERATE_INFOPLIST_FILE = YES;
				INFOPLIST_FILE = LastPlaceWidget/Info.plist;
				INFOPLIST_KEY_CFBundleDisplayName = LastPlaceWidget;
				INFOPLIST_KEY_NSHumanReadableCopyright = "";
				LD_RUNPATH_SEARCH_PATHS = (
					"$(inherited)",
					"@executable_path/Frameworks",
					"@executable_path/../../Frameworks",
				);
				MARKETING_VERSION = 1.0;
				PRODUCT_BUNDLE_IDENTIFIER = com.atsIOSDev.LastPlace.LastPlaceWidget;
				PRODUCT_NAME = "$(TARGET_NAME)";
				SKIP_INSTALL = YES;
				STRING_CATALOG_GENERATE_SYMBOLS = YES;
				SWIFT_APPROACHABLE_CONCURRENCY = YES;
				SWIFT_EMIT_LOC_STRINGS = YES;
				SWIFT_UPCOMING_FEATURE_MEMBER_IMPORT_VISIBILITY = YES;
				SWIFT_VERSION = 5.0;
				TARGETED_DEVICE_FAMILY = "1,2";
			};
			name = Release;
		};
/* End XCBuildConfiguration section */

/* Begin XCConfigurationList section */
		59055C463004B14F00C2437B /* Build configuration list for PBXProject "LastPlace" */ = {
			isa = XCConfigurationList;
			buildConfigurations = (
				59055C6A3004B15000C2437B /* Debug */,
				59055C6B3004B15000C2437B /* Release */,
			);
			defaultConfigurationIsVisible = 0;
			defaultConfigurationName = Release;
		};
		59055C6C3004B15000C2437B /* Build configuration list for PBXNativeTarget "LastPlace" */ = {
			isa = XCConfigurationList;
			buildConfigurations = (
				59055C6D3004B15000C2437B /* Debug */,
				59055C6E3004B15000C2437B /* Release */,
			);
			defaultConfigurationIsVisible = 0;
			defaultConfigurationName = Release;
		};
		59055C6F3004B15000C2437B /* Build configuration list for PBXNativeTarget "LastPlaceTests" */ = {
			isa = XCConfigurationList;
			buildConfigurations = (
				59055C703004B15000C2437B /* Debug */,
				59055C713004B15000C2437B /* Release */,
			);
			defaultConfigurationIsVisible = 0;
			defaultConfigurationName = Release;
		};
		59055C723004B15000C2437B /* Build configuration list for PBXNativeTarget "LastPlaceUITests" */ = {
			isa = XCConfigurationList;
			buildConfigurations = (
				59055C733004B15000C2437B /* Debug */,
				59055C743004B15000C2437B /* Release */,
			);
			defaultConfigurationIsVisible = 0;
			defaultConfigurationName = Release;
		};
		59BC673F3008B5300097DFB1 /* Build configuration list for PBXNativeTarget "LastPlaceWidgetExtension" */ = {
			isa = XCConfigurationList;
			buildConfigurations = (
				59BC67403008B5300097DFB1 /* Debug */,
				59BC67413008B5300097DFB1 /* Release */,
			);
			defaultConfigurationIsVisible = 0;
			defaultConfigurationName = Release;
		};
/* End XCConfigurationList section */
	};
	rootObject = 59055C433004B14F00C2437B /* Project object */;
}
